
Microsoft Visual Studio Solution File, Format Version 12.00
# Visual Studio Version 17
VisualStudioVersion = 17.0.31717.71
MinimumVisualStudioVersion = 10.0.40219.1
Project("{FAE04EC0-301F-11D3-BF4B-00C04F79EFBC}") = "AutoWriter", "AutoWriter\AutoWriter.csproj", "{A3EDB6A5-E9A7-4EF3-8F4A-AC695B3473AE}"
EndProject
Project("{2150E333-8FDC-42A3-9474-1A3956D46DE8}") = "Solution Items", "Solution Items", "{C0C8BAB8-7FF0-408F-9F11-3920BDA36F60}"
	ProjectSection(SolutionItems) = preProject
		.gitignore = .gitignore
	EndProjectSection
EndProject
Global
	GlobalSection(SolutionConfigurationPlatforms) = preSolution
		Debug|Any CPU = Debug|Any CPU
		Release|Any CPU = Release|Any CPU
	EndGlobalSection
	GlobalSection(ProjectConfigurationPlatforms) = postSolution
		{A3EDB6A5-E9A7-4EF3-8F4A-AC695B3473AE}.Debug|Any CPU.ActiveCfg = Debug|Any CPU
		{A3EDB6A5-E9A7-4EF3-8F4A-AC695B3473AE}.Debug|Any CPU.Build.0 = Debug|Any CPU
		{A3EDB6A5-E9A7-4EF3-8F4A-AC695B3473AE}.Release|Any CPU.ActiveCfg = Release|Any CPU
		{A3EDB6A5-E9A7-4EF3-8F4A-AC695B3473AE}.Release|Any CPU.Build.0 = Release|Any CPU
	EndGlobalSection
	GlobalSection(SolutionProperties) = preSolution
		HideSolutionNode = FALSE
	EndGlobalSection
	GlobalSection(ExtensibilityGlobals) = postSolution
		SolutionGuid = {C966B677-E0F8-44FD-9474-7BD099FA08C4}
	EndGlobalSection
EndGlobal
